
Microsoft Visual Studio Solution File, Format Version 12.00
# Visual Studio Version 16
VisualStudioVersion = 16.0.31702.278
MinimumVisualStudioVersion = 10.0.40219.1
Project("{FAE04EC0-301F-11D3-BF4B-00C04F79EFBC}") = "WebApplication_a", "WebApplication_a\WebApplication_a.csproj", "{FF18248C-A500-4A43-A19E-2987E699148A}"
EndProject
Global
	GlobalSection(SolutionConfigurationPlatforms) = preSolution
		Debug|Any CPU = Debug|Any CPU
		Release|Any CPU = Release|Any CPU
	EndGlobalSection
	GlobalSection(ProjectConfigurationPlatforms) = postSolution
		{FF18248C-A500-4A43-A19E-2987E699148A}.Debug|Any CPU.ActiveCfg = Debug|Any CPU
		{FF18248C-A500-4A43-A19E-2987E699148A}.Debug|Any CPU.Build.0 = Debug|Any CPU
		{FF18248C-A500-4A43-A19E-2987E699148A}.Release|Any CPU.ActiveCfg = Release|Any CPU
		{FF18248C-A500-4A43-A19E-2987E699148A}.Release|Any CPU.Build.0 = Release|Any CPU
	EndGlobalSection
	GlobalSection(SolutionProperties) = preSolution
		HideSolutionNode = FALSE
	EndGlobalSection
	GlobalSection(ExtensibilityGlobals) = postSolution
		SolutionGuid = {9D708BED-6FB6-46B4-9C9F-DF5395688023}
	EndGlobalSection
EndGlobal
